
Microsoft Visual Studio Solution File, Format Version 12.00
# Visual Studio Version 17
VisualStudioVersion = 17.9.34622.214
MinimumVisualStudioVersion = 10.0.40219.1
Project("{FAE04EC0-301F-11D3-BF4B-00C04F79EFBC}") = "dort_islem_metot", "dort_islem_metot\dort_islem_metot.csproj", "{DCDD6359-87E3-409B-A0B2-A22EC88BA656}"
EndProject
Global
	GlobalSection(SolutionConfigurationPlatforms) = preSolution
		Debug|Any CPU = Debug|Any CPU
		Release|Any CPU = Release|Any CPU
	EndGlobalSection
	GlobalSection(ProjectConfigurationPlatforms) = postSolution
		{DCDD6359-87E3-409B-A0B2-A22EC88BA656}.Debug|Any CPU.ActiveCfg = Debug|Any CPU
		{DCDD6359-87E3-409B-A0B2-A22EC88BA656}.Debug|Any CPU.Build.0 = Debug|Any CPU
		{DCDD6359-87E3-409B-A0B2-A22EC88BA656}.Release|Any CPU.ActiveCfg = Release|Any CPU
		{DCDD6359-87E3-409B-A0B2-A22EC88BA656}.Release|Any CPU.Build.0 = Release|Any CPU
	EndGlobalSection
	GlobalSection(SolutionProperties) = preSolution
		HideSolutionNode = FALSE
	EndGlobalSection
	GlobalSection(ExtensibilityGlobals) = postSolution
		SolutionGuid = {7353DDEB-9A28-44E1-A99B-F38498E31CC8}
	EndGlobalSection
EndGlobal
