
Microsoft Visual Studio Solution File, Format Version 12.00
# Visual Studio Version 17
VisualStudioVersion = 17.9.34622.214
MinimumVisualStudioVersion = 10.0.40219.1
Project("{FAE04EC0-301F-11D3-BF4B-00C04F79EFBC}") = "sayi_tahmin_oyunu", "sayi_tahmin_oyunu\sayi_tahmin_oyunu.csproj", "{520B646F-D746-49FA-98A2-C334928DF524}"
EndProject
Global
	GlobalSection(SolutionConfigurationPlatforms) = preSolution
		Debug|Any CPU = Debug|Any CPU
		Release|Any CPU = Release|Any CPU
	EndGlobalSection
	GlobalSection(ProjectConfigurationPlatforms) = postSolution
		{520B646F-D746-49FA-98A2-C334928DF524}.Debug|Any CPU.ActiveCfg = Debug|Any CPU
		{520B646F-D746-49FA-98A2-C334928DF524}.Debug|Any CPU.Build.0 = Debug|Any CPU
		{520B646F-D746-49FA-98A2-C334928DF524}.Release|Any CPU.ActiveCfg = Release|Any CPU
		{520B646F-D746-49FA-98A2-C334928DF524}.Release|Any CPU.Build.0 = Release|Any CPU
	EndGlobalSection
	GlobalSection(SolutionProperties) = preSolution
		HideSolutionNode = FALSE
	EndGlobalSection
	GlobalSection(ExtensibilityGlobals) = postSolution
		SolutionGuid = {81060B57-77A3-4A42-909C-D61ECDC7ACF4}
	EndGlobalSection
EndGlobal
