
Microsoft Visual Studio Solution File, Format Version 12.00
# Visual Studio Version 17
VisualStudioVersion = 17.9.34622.214
MinimumVisualStudioVersion = 10.0.40219.1
Project("{FAE04EC0-301F-11D3-BF4B-00C04F79EFBC}") = "asal_sayi_kontrol_metotu", "asal_sayi_kontrol_metotu\asal_sayi_kontrol_metotu.csproj", "{B1065175-714F-4D44-B8A6-C9CC47BA2F51}"
EndProject
Global
	GlobalSection(SolutionConfigurationPlatforms) = preSolution
		Debug|Any CPU = Debug|Any CPU
		Release|Any CPU = Release|Any CPU
	EndGlobalSection
	GlobalSection(ProjectConfigurationPlatforms) = postSolution
		{B1065175-714F-4D44-B8A6-C9CC47BA2F51}.Debug|Any CPU.ActiveCfg = Debug|Any CPU
		{B1065175-714F-4D44-B8A6-C9CC47BA2F51}.Debug|Any CPU.Build.0 = Debug|Any CPU
		{B1065175-714F-4D44-B8A6-C9CC47BA2F51}.Release|Any CPU.ActiveCfg = Release|Any CPU
		{B1065175-714F-4D44-B8A6-C9CC47BA2F51}.Release|Any CPU.Build.0 = Release|Any CPU
	EndGlobalSection
	GlobalSection(SolutionProperties) = preSolution
		HideSolutionNode = FALSE
	EndGlobalSection
	GlobalSection(ExtensibilityGlobals) = postSolution
		SolutionGuid = {E0DAD4B6-1034-4D2A-83DD-560161273B71}
	EndGlobalSection
EndGlobal
